
Microsoft Visual Studio Solution File, Format Version 12.00
# Visual Studio 2013
VisualStudioVersion = 12.0.21005.1
MinimumVisualStudioVersion = 10.0.40219.1
Project("{8BC9CEB8-8B4A-11D0-8D11-00A0C91BC942}") = "预定义符号和宏", "预定义符号和宏\预定义符号和宏.vcxproj", "{0046D49E-9FE0-44DD-9734-1164C72DC86F}"
EndProject
Global
	GlobalSection(SolutionConfigurationPlatforms) = preSolution
		Debug|Win32 = Debug|Win32
		Release|Win32 = Release|Win32
	EndGlobalSection
	GlobalSection(ProjectConfigurationPlatforms) = postSolution
		{0046D49E-9FE0-44DD-9734-1164C72DC86F}.Debug|Win32.ActiveCfg = Debug|Win32
		{0046D49E-9FE0-44DD-9734-1164C72DC86F}.Debug|Win32.Build.0 = Debug|Win32
		{0046D49E-9FE0-44DD-9734-1164C72DC86F}.Release|Win32.ActiveCfg = Release|Win32
		{0046D49E-9FE0-44DD-9734-1164C72DC86F}.Release|Win32.Build.0 = Release|Win32
	EndGlobalSection
	GlobalSection(SolutionProperties) = preSolution
		HideSolutionNode = FALSE
	EndGlobalSection
EndGlobal
