
Microsoft Visual Studio Solution File, Format Version 10.00
# Visual Studio 2008
Project("{8BC9CEB8-8B4A-11D0-8D11-00A0C91BC942}") = "day13博客代码", "day13博客代码\day13博客代码.vcproj", "{C28930A9-16DF-487B-A378-45B427A8774E}"
EndProject
Global
	GlobalSection(SolutionConfigurationPlatforms) = preSolution
		Debug|Win32 = Debug|Win32
		Release|Win32 = Release|Win32
	EndGlobalSection
	GlobalSection(ProjectConfigurationPlatforms) = postSolution
		{C28930A9-16DF-487B-A378-45B427A8774E}.Debug|Win32.ActiveCfg = Debug|Win32
		{C28930A9-16DF-487B-A378-45B427A8774E}.Debug|Win32.Build.0 = Debug|Win32
		{C28930A9-16DF-487B-A378-45B427A8774E}.Release|Win32.ActiveCfg = Release|Win32
		{C28930A9-16DF-487B-A378-45B427A8774E}.Release|Win32.Build.0 = Release|Win32
	EndGlobalSection
	GlobalSection(SolutionProperties) = preSolution
		HideSolutionNode = FALSE
	EndGlobalSection
EndGlobal
