
Microsoft Visual Studio Solution File, Format Version 10.00
# Visual Studio 2008
Project("{8BC9CEB8-8B4A-11D0-8D11-00A0C91BC942}") = "12.20", "12.20\12.20.vcproj", "{03493B8B-DD34-47E8-BD13-DB05D4FE6F30}"
EndProject
Global
	GlobalSection(SolutionConfigurationPlatforms) = preSolution
		Debug|Win32 = Debug|Win32
		Release|Win32 = Release|Win32
	EndGlobalSection
	GlobalSection(ProjectConfigurationPlatforms) = postSolution
		{03493B8B-DD34-47E8-BD13-DB05D4FE6F30}.Debug|Win32.ActiveCfg = Debug|Win32
		{03493B8B-DD34-47E8-BD13-DB05D4FE6F30}.Debug|Win32.Build.0 = Debug|Win32
		{03493B8B-DD34-47E8-BD13-DB05D4FE6F30}.Release|Win32.ActiveCfg = Release|Win32
		{03493B8B-DD34-47E8-BD13-DB05D4FE6F30}.Release|Win32.Build.0 = Release|Win32
	EndGlobalSection
	GlobalSection(SolutionProperties) = preSolution
		HideSolutionNode = FALSE
	EndGlobalSection
EndGlobal
