
Microsoft Visual Studio Solution File, Format Version 10.00
# Visual Studio 2008
Project("{8BC9CEB8-8B4A-11D0-8D11-00A0C91BC942}") = "12.06-2", "12.06-2\12.06-2.vcproj", "{3CBFA716-9D9D-4822-AD17-94DC765D86F4}"
EndProject
Global
	GlobalSection(SolutionConfigurationPlatforms) = preSolution
		Debug|Win32 = Debug|Win32
		Release|Win32 = Release|Win32
	EndGlobalSection
	GlobalSection(ProjectConfigurationPlatforms) = postSolution
		{3CBFA716-9D9D-4822-AD17-94DC765D86F4}.Debug|Win32.ActiveCfg = Debug|Win32
		{3CBFA716-9D9D-4822-AD17-94DC765D86F4}.Debug|Win32.Build.0 = Debug|Win32
		{3CBFA716-9D9D-4822-AD17-94DC765D86F4}.Release|Win32.ActiveCfg = Release|Win32
		{3CBFA716-9D9D-4822-AD17-94DC765D86F4}.Release|Win32.Build.0 = Release|Win32
	EndGlobalSection
	GlobalSection(SolutionProperties) = preSolution
		HideSolutionNode = FALSE
	EndGlobalSection
EndGlobal
