
Microsoft Visual Studio Solution File, Format Version 10.00
# Visual Studio 2008
Project("{8BC9CEB8-8B4A-11D0-8D11-00A0C91BC942}") = "11.21", "11.21\11.21.vcproj", "{EBF020CA-80A3-40AB-8787-BDC49333861F}"
EndProject
Global
	GlobalSection(SolutionConfigurationPlatforms) = preSolution
		Debug|Win32 = Debug|Win32
		Release|Win32 = Release|Win32
	EndGlobalSection
	GlobalSection(ProjectConfigurationPlatforms) = postSolution
		{EBF020CA-80A3-40AB-8787-BDC49333861F}.Debug|Win32.ActiveCfg = Debug|Win32
		{EBF020CA-80A3-40AB-8787-BDC49333861F}.Debug|Win32.Build.0 = Debug|Win32
		{EBF020CA-80A3-40AB-8787-BDC49333861F}.Release|Win32.ActiveCfg = Release|Win32
		{EBF020CA-80A3-40AB-8787-BDC49333861F}.Release|Win32.Build.0 = Release|Win32
	EndGlobalSection
	GlobalSection(SolutionProperties) = preSolution
		HideSolutionNode = FALSE
	EndGlobalSection
EndGlobal
