
Microsoft Visual Studio Solution File, Format Version 10.00
# Visual Studio 2008
Project("{8BC9CEB8-8B4A-11D0-8D11-00A0C91BC942}") = "11.29", "11.29\11.29.vcproj", "{CD9315E4-081C-4B93-8C1C-0FC225F5B4AA}"
EndProject
Global
	GlobalSection(SolutionConfigurationPlatforms) = preSolution
		Debug|Win32 = Debug|Win32
		Release|Win32 = Release|Win32
	EndGlobalSection
	GlobalSection(ProjectConfigurationPlatforms) = postSolution
		{CD9315E4-081C-4B93-8C1C-0FC225F5B4AA}.Debug|Win32.ActiveCfg = Debug|Win32
		{CD9315E4-081C-4B93-8C1C-0FC225F5B4AA}.Debug|Win32.Build.0 = Debug|Win32
		{CD9315E4-081C-4B93-8C1C-0FC225F5B4AA}.Release|Win32.ActiveCfg = Release|Win32
		{CD9315E4-081C-4B93-8C1C-0FC225F5B4AA}.Release|Win32.Build.0 = Release|Win32
	EndGlobalSection
	GlobalSection(SolutionProperties) = preSolution
		HideSolutionNode = FALSE
	EndGlobalSection
EndGlobal
